// !$*UTF8*$!
{
	archiveVersion = 1;
	classes = {
	};
	objectVersion = 70;
	objects = {

/* Begin PBXBuildFile section */
		C400F46128DFD8AC00861093 /* ThumbnailButton.swift in Sources */ = {isa = PBXBuildFile; fileRef = C400F45E28DFD8AC00861093 /* ThumbnailButton.swift */; };
		C400F46328DFDAB700861093 /* FoundationExtensions.swift in Sources */ = {isa = PBXBuildFile; fileRef = C400F46228DFDAB700861093 /* FoundationExtensions.swift */; };
		C40A95B92CC9A91A00A02AF1 /* CameraState.swift in Sources */ = {isa = PBXBuildFile; fileRef = C4A73C9F2CC0748800C2FA84 /* CameraState.swift */; };
		C424961F2889CDC400C05256 /* CaptureModeView.swift in Sources */ = {isa = PBXBuildFile; fileRef = C424961E2889CDC400C05256 /* CaptureModeView.swift */; };
		C442A31128BEAEA70029B42B /* MediaLibrary.swift in Sources */ = {isa = PBXBuildFile; fileRef = C442A31028BEAEA70029B42B /* MediaLibrary.swift */; };
		C44DC7BE289AC3DD0099BB87 /* PreviewContainer.swift in Sources */ = {isa = PBXBuildFile; fileRef = C44DC7BD289AC3DD0099BB87 /* PreviewContainer.swift */; };
		C4518410289C5FD700B35C89 /* ViewExtensions.swift in Sources */ = {isa = PBXBuildFile; fileRef = C451840F289C5FD700B35C89 /* ViewExtensions.swift */; };
		C472D846285BBFA60082244A /* DeviceLookup.swift in Sources */ = {isa = PBXBuildFile; fileRef = C472D845285BBFA60082244A /* DeviceLookup.swift */; };
		C472D84F285BDFA60082244A /* MainToolbar.swift in Sources */ = {isa = PBXBuildFile; fileRef = C472D84D285BDFA60082244A /* MainToolbar.swift */; };
		C475973128A71BEC00D1D029 /* CaptureButton.swift in Sources */ = {isa = PBXBuildFile; fileRef = C475973028A71BEC00D1D029 /* CaptureButton.swift */; };
		C47C99C32CA1C6BB00B5338B /* c2pa-camCaptureExtension.appex in Embed ExtensionKit Extensions */ = {isa = PBXBuildFile; fileRef = C47C99BA2CA1C6BB00B5338B /* c2pa-camCaptureExtension.appex */; settings = {ATTRIBUTES = (RemoveHeadersOnCopy, ); }; };
		C48091852BD584AD00753C4A /* CameraModel.swift in Sources */ = {isa = PBXBuildFile; fileRef = C48091832BD584AD00753C4A /* CameraModel.swift */; };
		C480918B2BD59D7D00753C4A /* SPCObserver.swift in Sources */ = {isa = PBXBuildFile; fileRef = C48091892BD59D7D00753C4A /* SPCObserver.swift */; };
		C4A349DF28BD4B700056FAAF /* SwitchCameraButton.swift in Sources */ = {isa = PBXBuildFile; fileRef = C4A349DE28BD4B700056FAAF /* SwitchCameraButton.swift */; };
		C4A73C9E2CC015E300C2FA84 /* DataTypes.swift in Sources */ = {isa = PBXBuildFile; fileRef = C4DFD84328C3E173005B74F0 /* DataTypes.swift */; };
		C4A73CA02CC0748800C2FA84 /* CameraState.swift in Sources */ = {isa = PBXBuildFile; fileRef = C4A73C9F2CC0748800C2FA84 /* CameraState.swift */; };
		C4A73CA12CC0748800C2FA84 /* CameraState.swift in Sources */ = {isa = PBXBuildFile; fileRef = C4A73C9F2CC0748800C2FA84 /* CameraState.swift */; };
		C4C5531A2CA1D5A3005D940C /* PreviewContainer.swift in Sources */ = {isa = PBXBuildFile; fileRef = C44DC7BD289AC3DD0099BB87 /* PreviewContainer.swift */; };
		C4C5531B2CA1D5A3005D940C /* CaptureService.swift in Sources */ = {isa = PBXBuildFile; fileRef = C4F82CCB285AE206005D427A /* CaptureService.swift */; };
		C4C5531C2CA1D5A3005D940C /* RecordingTimeView.swift in Sources */ = {isa = PBXBuildFile; fileRef = C4C686222892E33E0038EDE1 /* RecordingTimeView.swift */; };
		C4C5531D2CA1D5A3005D940C /* LiveBadge.swift in Sources */ = {isa = PBXBuildFile; fileRef = C4DFD84728C5665E005B74F0 /* LiveBadge.swift */; };
		C4C5531E2CA1D5A3005D940C /* MovieCapture.swift in Sources */ = {isa = PBXBuildFile; fileRef = C4EA0DBF2891EFC20085A584 /* MovieCapture.swift */; };
		C4C5531F2CA1D5A3005D940C /* Camera.swift in Sources */ = {isa = PBXBuildFile; fileRef = C4F82CC9285AE13B005D427A /* Camera.swift */; };
		C4C553202CA1D5A3005D940C /* FoundationExtensions.swift in Sources */ = {isa = PBXBuildFile; fileRef = C400F46228DFDAB700861093 /* FoundationExtensions.swift */; };
		C4C553212CA1D5A3005D940C /* PhotoCapture.swift in Sources */ = {isa = PBXBuildFile; fileRef = C4E15AB02898660900827683 /* PhotoCapture.swift */; };
		C4C553222CA1D5A3005D940C /* PreviewCameraModel.swift in Sources */ = {isa = PBXBuildFile; fileRef = C4DCF51328947AFA00805EE2 /* PreviewCameraModel.swift */; };
		C4C553232CA1D5A3005D940C /* CameraPreview.swift in Sources */ = {isa = PBXBuildFile; fileRef = C4F82CCD285AE233005D427A /* CameraPreview.swift */; };
		C4C553242CA1D5A3005D940C /* FeatureToolbar.swift in Sources */ = {isa = PBXBuildFile; fileRef = C4EA0DCA289205C10085A584 /* FeatureToolbar.swift */; };
		C4C553252CA1D5A3005D940C /* DataTypes.swift in Sources */ = {isa = PBXBuildFile; fileRef = C4DFD84328C3E173005B74F0 /* DataTypes.swift */; };
		C4C553262CA1D5A3005D940C /* MainToolbar.swift in Sources */ = {isa = PBXBuildFile; fileRef = C472D84D285BDFA60082244A /* MainToolbar.swift */; };
		C4C553272CA1D5A3005D940C /* CameraView.swift in Sources */ = {isa = PBXBuildFile; fileRef = C4E15AAE2898620E00827683 /* CameraView.swift */; };
		C4C553282CA1D5A3005D940C /* CameraUI.swift in Sources */ = {isa = PBXBuildFile; fileRef = C4CB95CF2BF06EA6000CF8C7 /* CameraUI.swift */; };
		C4C553292CA1D5A3005D940C /* CaptureExtensions.swift in Sources */ = {isa = PBXBuildFile; fileRef = C4EA0DC22891F2F80085A584 /* CaptureExtensions.swift */; };
		C4C5532A2CA1D5A3005D940C /* DeviceLookup.swift in Sources */ = {isa = PBXBuildFile; fileRef = C472D845285BBFA60082244A /* DeviceLookup.swift */; };
		C4C5532B2CA1D5A3005D940C /* CameraModel.swift in Sources */ = {isa = PBXBuildFile; fileRef = C48091832BD584AD00753C4A /* CameraModel.swift */; };
		C4C5532C2CA1D5A3005D940C /* ThumbnailButton.swift in Sources */ = {isa = PBXBuildFile; fileRef = C400F45E28DFD8AC00861093 /* ThumbnailButton.swift */; };
		C4C5532D2CA1D5A3005D940C /* SwitchCameraButton.swift in Sources */ = {isa = PBXBuildFile; fileRef = C4A349DE28BD4B700056FAAF /* SwitchCameraButton.swift */; };
		C4C5532E2CA1D5A3005D940C /* MediaLibrary.swift in Sources */ = {isa = PBXBuildFile; fileRef = C442A31028BEAEA70029B42B /* MediaLibrary.swift */; };
		C4C5532F2CA1D5A3005D940C /* ViewExtensions.swift in Sources */ = {isa = PBXBuildFile; fileRef = C451840F289C5FD700B35C89 /* ViewExtensions.swift */; };
		C4C553302CA1D5A3005D940C /* CaptureModeView.swift in Sources */ = {isa = PBXBuildFile; fileRef = C424961E2889CDC400C05256 /* CaptureModeView.swift */; };
		C4C553312CA1D5A3005D940C /* SPCObserver.swift in Sources */ = {isa = PBXBuildFile; fileRef = C48091892BD59D7D00753C4A /* SPCObserver.swift */; };
		C4C553322CA1D5A3005D940C /* CaptureButton.swift in Sources */ = {isa = PBXBuildFile; fileRef = C475973028A71BEC00D1D029 /* CaptureButton.swift */; };
		C4C553332CA1D5A3005D940C /* StatusOverlayView.swift in Sources */ = {isa = PBXBuildFile; fileRef = C4DFD84528C3ED3D005B74F0 /* StatusOverlayView.swift */; };
		C4C686232892E33E0038EDE1 /* RecordingTimeView.swift in Sources */ = {isa = PBXBuildFile; fileRef = C4C686222892E33E0038EDE1 /* RecordingTimeView.swift */; };
		C4C6E1FD2CA1CF250081A8EA /* WidgetKit.framework in Frameworks */ = {isa = PBXBuildFile; fileRef = C4C6E1FC2CA1CF250081A8EA /* WidgetKit.framework */; };
		C4C6E1FF2CA1CF250081A8EA /* SwiftUI.framework in Frameworks */ = {isa = PBXBuildFile; fileRef = C4C6E1FE2CA1CF250081A8EA /* SwiftUI.framework */; };
		C4C6E20A2CA1CF270081A8EA /* c2pa-camControlCenterExtension.appex in Embed Foundation Extensions */ = {isa = PBXBuildFile; fileRef = C4C6E1FA2CA1CF250081A8EA /* c2pa-camControlCenterExtension.appex */; settings = {ATTRIBUTES = (RemoveHeadersOnCopy, ); }; };
		C4C6E2112CA1CF860081A8EA /* AVCamCaptureIntent.swift in Sources */ = {isa = PBXBuildFile; fileRef = C4C6E2102CA1CF860081A8EA /* AVCamCaptureIntent.swift */; };
		C4C6E2142CA1D01A0081A8EA /* AVCamCaptureIntent.swift in Sources */ = {isa = PBXBuildFile; fileRef = C4C6E2102CA1CF860081A8EA /* AVCamCaptureIntent.swift */; };
		C4C6E2152CA1D01A0081A8EA /* AVCamCaptureIntent.swift in Sources */ = {isa = PBXBuildFile; fileRef = C4C6E2102CA1CF860081A8EA /* AVCamCaptureIntent.swift */; };
		C4CB95D02BF06EA6000CF8C7 /* CameraUI.swift in Sources */ = {isa = PBXBuildFile; fileRef = C4CB95CF2BF06EA6000CF8C7 /* CameraUI.swift */; };
		C4DCF51428947AFA00805EE2 /* PreviewCameraModel.swift in Sources */ = {isa = PBXBuildFile; fileRef = C4DCF51328947AFA00805EE2 /* PreviewCameraModel.swift */; };
		C4DFD84428C3E173005B74F0 /* DataTypes.swift in Sources */ = {isa = PBXBuildFile; fileRef = C4DFD84328C3E173005B74F0 /* DataTypes.swift */; };
		C4DFD84628C3ED3D005B74F0 /* StatusOverlayView.swift in Sources */ = {isa = PBXBuildFile; fileRef = C4DFD84528C3ED3D005B74F0 /* StatusOverlayView.swift */; };
		C4DFD84828C5665E005B74F0 /* LiveBadge.swift in Sources */ = {isa = PBXBuildFile; fileRef = C4DFD84728C5665E005B74F0 /* LiveBadge.swift */; };
		C4E15AAF2898620E00827683 /* CameraView.swift in Sources */ = {isa = PBXBuildFile; fileRef = C4E15AAE2898620E00827683 /* CameraView.swift */; };
		C4E15AB12898660900827683 /* PhotoCapture.swift in Sources */ = {isa = PBXBuildFile; fileRef = C4E15AB02898660900827683 /* PhotoCapture.swift */; };
		C4EA0DC02891EFC20085A584 /* MovieCapture.swift in Sources */ = {isa = PBXBuildFile; fileRef = C4EA0DBF2891EFC20085A584 /* MovieCapture.swift */; };
		C4EA0DC32891F2F80085A584 /* CaptureExtensions.swift in Sources */ = {isa = PBXBuildFile; fileRef = C4EA0DC22891F2F80085A584 /* CaptureExtensions.swift */; };
		C4EA0DCB289205C10085A584 /* FeatureToolbar.swift in Sources */ = {isa = PBXBuildFile; fileRef = C4EA0DCA289205C10085A584 /* FeatureToolbar.swift */; };
		C4F82C9D285ADDA2005D427A /* AVCamApp.swift in Sources */ = {isa = PBXBuildFile; fileRef = C4F82C9C285ADDA2005D427A /* AVCamApp.swift */; };
		C4F82CA1285ADDA3005D427A /* Assets.xcassets in Resources */ = {isa = PBXBuildFile; fileRef = C4F82CA0285ADDA3005D427A /* Assets.xcassets */; };
		C4F82CA5285ADDA3005D427A /* Preview Assets.xcassets in Resources */ = {isa = PBXBuildFile; fileRef = C4F82CA4285ADDA3005D427A /* Preview Assets.xcassets */; };
		C4F82CCA285AE13B005D427A /* Camera.swift in Sources */ = {isa = PBXBuildFile; fileRef = C4F82CC9285AE13B005D427A /* Camera.swift */; };
		C4F82CCC285AE206005D427A /* CaptureService.swift in Sources */ = {isa = PBXBuildFile; fileRef = C4F82CCB285AE206005D427A /* CaptureService.swift */; };
		C4F82CCE285AE233005D427A /* CameraPreview.swift in Sources */ = {isa = PBXBuildFile; fileRef = C4F82CCD285AE233005D427A /* CameraPreview.swift */; };
/* End PBXBuildFile section */

/* Begin PBXContainerItemProxy section */
		C47C99C12CA1C6BB00B5338B /* PBXContainerItemProxy */ = {
			isa = PBXContainerItemProxy;
			containerPortal = C4F82C91285ADDA2005D427A /* Project object */;
			proxyType = 1;
			remoteGlobalIDString = C47C99B92CA1C6BB00B5338B;
			remoteInfo = AVCamCaptureExtension;
		};
		C4C6E2082CA1CF270081A8EA /* PBXContainerItemProxy */ = {
			isa = PBXContainerItemProxy;
			containerPortal = C4F82C91285ADDA2005D427A /* Project object */;
			proxyType = 1;
			remoteGlobalIDString = C4C6E1F92CA1CF250081A8EA;
			remoteInfo = AVCamControlCenterExtensionExtension;
		};
/* End PBXContainerItemProxy section */

/* Begin PBXCopyFilesBuildPhase section */
		C47C99C42CA1C6BB00B5338B /* Embed ExtensionKit Extensions */ = {
			isa = PBXCopyFilesBuildPhase;
			buildActionMask = 2147483647;
			dstPath = "$(EXTENSIONS_FOLDER_PATH)";
			dstSubfolderSpec = 16;
			files = (
				C47C99C32CA1C6BB00B5338B /* c2pa-camCaptureExtension.appex in Embed ExtensionKit Extensions */,
			);
			name = "Embed ExtensionKit Extensions";
			runOnlyForDeploymentPostprocessing = 0;
		};
		C4C6E20B2CA1CF270081A8EA /* Embed Foundation Extensions */ = {
			isa = PBXCopyFilesBuildPhase;
			buildActionMask = 2147483647;
			dstPath = "";
			dstSubfolderSpec = 13;
			files = (
				C4C6E20A2CA1CF270081A8EA /* c2pa-camControlCenterExtension.appex in Embed Foundation Extensions */,
			);
			name = "Embed Foundation Extensions";
			runOnlyForDeploymentPostprocessing = 0;
		};
/* End PBXCopyFilesBuildPhase section */

/* Begin PBXFileReference section */
		4171C532FBB2053E055D7336 /* SampleCode.xcconfig */ = {isa = PBXFileReference; lastKnownFileType = text.xcconfig; name = SampleCode.xcconfig; path = Configuration/SampleCode.xcconfig; sourceTree = "<group>"; };
		7710E8B4E5AEBAFE7C73EBAA /* README.md */ = {isa = PBXFileReference; lastKnownFileType = net.daringfireball.markdown; path = README.md; sourceTree = "<group>"; };
		B92404E334D9008D3705950F /* LICENSE.txt */ = {isa = PBXFileReference; includeInIndex = 1; lastKnownFileType = text; path = LICENSE.txt; sourceTree = "<group>"; };
		C400F45E28DFD8AC00861093 /* ThumbnailButton.swift */ = {isa = PBXFileReference; fileEncoding = 4; lastKnownFileType = sourcecode.swift; path = ThumbnailButton.swift; sourceTree = "<group>"; };
		C400F46228DFDAB700861093 /* FoundationExtensions.swift */ = {isa = PBXFileReference; lastKnownFileType = sourcecode.swift; path = FoundationExtensions.swift; sourceTree = "<group>"; };
		C424961E2889CDC400C05256 /* CaptureModeView.swift */ = {isa = PBXFileReference; lastKnownFileType = sourcecode.swift; path = CaptureModeView.swift; sourceTree = "<group>"; };
		C442A31028BEAEA70029B42B /* MediaLibrary.swift */ = {isa = PBXFileReference; fileEncoding = 4; lastKnownFileType = sourcecode.swift; path = MediaLibrary.swift; sourceTree = "<group>"; };
		C44DC7BD289AC3DD0099BB87 /* PreviewContainer.swift */ = {isa = PBXFileReference; fileEncoding = 4; lastKnownFileType = sourcecode.swift; path = PreviewContainer.swift; sourceTree = "<group>"; };
		C451840F289C5FD700B35C89 /* ViewExtensions.swift */ = {isa = PBXFileReference; lastKnownFileType = sourcecode.swift; path = ViewExtensions.swift; sourceTree = "<group>"; };
		C472D845285BBFA60082244A /* DeviceLookup.swift */ = {isa = PBXFileReference; lastKnownFileType = sourcecode.swift; path = DeviceLookup.swift; sourceTree = "<group>"; };
		C472D84D285BDFA60082244A /* MainToolbar.swift */ = {isa = PBXFileReference; fileEncoding = 4; lastKnownFileType = sourcecode.swift; path = MainToolbar.swift; sourceTree = "<group>"; };
		C475973028A71BEC00D1D029 /* CaptureButton.swift */ = {isa = PBXFileReference; lastKnownFileType = sourcecode.swift; path = CaptureButton.swift; sourceTree = "<group>"; };
		C47C99BA2CA1C6BB00B5338B /* c2pa-camCaptureExtension.appex */ = {isa = PBXFileReference; explicitFileType = "wrapper.extensionkit-extension"; includeInIndex = 0; path = "c2pa-camCaptureExtension.appex"; sourceTree = BUILT_PRODUCTS_DIR; };
		C48091832BD584AD00753C4A /* CameraModel.swift */ = {isa = PBXFileReference; lastKnownFileType = sourcecode.swift; path = CameraModel.swift; sourceTree = "<group>"; };
		C48091892BD59D7D00753C4A /* SPCObserver.swift */ = {isa = PBXFileReference; lastKnownFileType = sourcecode.swift; path = SPCObserver.swift; sourceTree = "<group>"; };
		C4A349DE28BD4B700056FAAF /* SwitchCameraButton.swift */ = {isa = PBXFileReference; lastKnownFileType = sourcecode.swift; path = SwitchCameraButton.swift; sourceTree = "<group>"; };
		C4A73C9F2CC0748800C2FA84 /* CameraState.swift */ = {isa = PBXFileReference; lastKnownFileType = sourcecode.swift; path = CameraState.swift; sourceTree = "<group>"; };
		C4C686222892E33E0038EDE1 /* RecordingTimeView.swift */ = {isa = PBXFileReference; lastKnownFileType = sourcecode.swift; path = RecordingTimeView.swift; sourceTree = "<group>"; };
		C4C6E1FA2CA1CF250081A8EA /* c2pa-camControlCenterExtension.appex */ = {isa = PBXFileReference; explicitFileType = "wrapper.app-extension"; includeInIndex = 0; path = "c2pa-camControlCenterExtension.appex"; sourceTree = BUILT_PRODUCTS_DIR; };
		C4C6E1FC2CA1CF250081A8EA /* WidgetKit.framework */ = {isa = PBXFileReference; lastKnownFileType = wrapper.framework; name = WidgetKit.framework; path = System/Library/Frameworks/WidgetKit.framework; sourceTree = SDKROOT; };
		C4C6E1FE2CA1CF250081A8EA /* SwiftUI.framework */ = {isa = PBXFileReference; lastKnownFileType = wrapper.framework; name = SwiftUI.framework; path = System/Library/Frameworks/SwiftUI.framework; sourceTree = SDKROOT; };
		C4C6E2102CA1CF860081A8EA /* AVCamCaptureIntent.swift */ = {isa = PBXFileReference; lastKnownFileType = sourcecode.swift; path = AVCamCaptureIntent.swift; sourceTree = "<group>"; };
		C4CB95CF2BF06EA6000CF8C7 /* CameraUI.swift */ = {isa = PBXFileReference; lastKnownFileType = sourcecode.swift; path = CameraUI.swift; sourceTree = "<group>"; };
		C4DCF51328947AFA00805EE2 /* PreviewCameraModel.swift */ = {isa = PBXFileReference; lastKnownFileType = sourcecode.swift; path = PreviewCameraModel.swift; sourceTree = "<group>"; };
		C4DFD84328C3E173005B74F0 /* DataTypes.swift */ = {isa = PBXFileReference; lastKnownFileType = sourcecode.swift; path = DataTypes.swift; sourceTree = "<group>"; };
		C4DFD84528C3ED3D005B74F0 /* StatusOverlayView.swift */ = {isa = PBXFileReference; fileEncoding = 4; lastKnownFileType = sourcecode.swift; path = StatusOverlayView.swift; sourceTree = "<group>"; };
		C4DFD84728C5665E005B74F0 /* LiveBadge.swift */ = {isa = PBXFileReference; lastKnownFileType = sourcecode.swift; path = LiveBadge.swift; sourceTree = "<group>"; };
		C4E15AAE2898620E00827683 /* CameraView.swift */ = {isa = PBXFileReference; lastKnownFileType = sourcecode.swift; path = CameraView.swift; sourceTree = "<group>"; };
		C4E15AB02898660900827683 /* PhotoCapture.swift */ = {isa = PBXFileReference; lastKnownFileType = sourcecode.swift; path = PhotoCapture.swift; sourceTree = "<group>"; };
		C4EA0DBF2891EFC20085A584 /* MovieCapture.swift */ = {isa = PBXFileReference; lastKnownFileType = sourcecode.swift; path = MovieCapture.swift; sourceTree = "<group>"; };
		C4EA0DC22891F2F80085A584 /* CaptureExtensions.swift */ = {isa = PBXFileReference; lastKnownFileType = sourcecode.swift; path = CaptureExtensions.swift; sourceTree = "<group>"; };
		C4EA0DCA289205C10085A584 /* FeatureToolbar.swift */ = {isa = PBXFileReference; lastKnownFileType = sourcecode.swift; path = FeatureToolbar.swift; sourceTree = "<group>"; };
		C4F82C99285ADDA2005D427A /* c2pa-cam.app */ = {isa = PBXFileReference; explicitFileType = wrapper.application; includeInIndex = 0; path = "c2pa-cam.app"; sourceTree = BUILT_PRODUCTS_DIR; };
		C4F82C9C285ADDA2005D427A /* AVCamApp.swift */ = {isa = PBXFileReference; lastKnownFileType = sourcecode.swift; path = AVCamApp.swift; sourceTree = "<group>"; };
		C4F82CA0285ADDA3005D427A /* Assets.xcassets */ = {isa = PBXFileReference; lastKnownFileType = folder.assetcatalog; path = Assets.xcassets; sourceTree = "<group>"; };
		C4F82CA4285ADDA3005D427A /* Preview Assets.xcassets */ = {isa = PBXFileReference; lastKnownFileType = folder.assetcatalog; path = "Preview Assets.xcassets"; sourceTree = "<group>"; };
		C4F82CC9285AE13B005D427A /* Camera.swift */ = {isa = PBXFileReference; lastKnownFileType = sourcecode.swift; path = Camera.swift; sourceTree = "<group>"; };
		C4F82CCB285AE206005D427A /* CaptureService.swift */ = {isa = PBXFileReference; fileEncoding = 4; lastKnownFileType = sourcecode.swift; path = CaptureService.swift; sourceTree = "<group>"; };
		C4F82CCD285AE233005D427A /* CameraPreview.swift */ = {isa = PBXFileReference; lastKnownFileType = sourcecode.swift; path = CameraPreview.swift; sourceTree = "<group>"; };
/* End PBXFileReference section */

/* Begin PBXFileSystemSynchronizedBuildFileExceptionSet section */
		C47C99C72CA1C6BB00B5338B /* PBXFileSystemSynchronizedBuildFileExceptionSet */ = {
			isa = PBXFileSystemSynchronizedBuildFileExceptionSet;
			membershipExceptions = (
				Info.plist,
			);
			target = C47C99B92CA1C6BB00B5338B /* c2pa-camCaptureExtension */;
		};
		C4C6E20E2CA1CF270081A8EA /* PBXFileSystemSynchronizedBuildFileExceptionSet */ = {
			isa = PBXFileSystemSynchronizedBuildFileExceptionSet;
			membershipExceptions = (
				Info.plist,
			);
			target = C4C6E1F92CA1CF250081A8EA /* c2pa-camControlCenterExtension */;
		};
/* End PBXFileSystemSynchronizedBuildFileExceptionSet section */

/* Begin PBXFileSystemSynchronizedRootGroup section */
		C47C99BB2CA1C6BB00B5338B /* AVCamCaptureExtension */ = {isa = PBXFileSystemSynchronizedRootGroup; exceptions = (C47C99C72CA1C6BB00B5338B /* PBXFileSystemSynchronizedBuildFileExceptionSet */, ); explicitFileTypes = {}; explicitFolders = (); path = AVCamCaptureExtension; sourceTree = "<group>"; };
		C4C6E2002CA1CF250081A8EA /* AVCamControlCenterExtension */ = {isa = PBXFileSystemSynchronizedRootGroup; exceptions = (C4C6E20E2CA1CF270081A8EA /* PBXFileSystemSynchronizedBuildFileExceptionSet */, ); explicitFileTypes = {}; explicitFolders = (); path = AVCamControlCenterExtension; sourceTree = "<group>"; };
/* End PBXFileSystemSynchronizedRootGroup section */

/* Begin PBXFrameworksBuildPhase section */
		C47C99B72CA1C6BB00B5338B /* Frameworks */ = {
			isa = PBXFrameworksBuildPhase;
			buildActionMask = 2147483647;
			files = (
			);
			runOnlyForDeploymentPostprocessing = 0;
		};
		C4C6E1F72CA1CF250081A8EA /* Frameworks */ = {
			isa = PBXFrameworksBuildPhase;
			buildActionMask = 2147483647;
			files = (
				C4C6E1FF2CA1CF250081A8EA /* SwiftUI.framework in Frameworks */,
				C4C6E1FD2CA1CF250081A8EA /* WidgetKit.framework in Frameworks */,
			);
			runOnlyForDeploymentPostprocessing = 0;
		};
		C4F82C96285ADDA2005D427A /* Frameworks */ = {
			isa = PBXFrameworksBuildPhase;
			buildActionMask = 2147483647;
			files = (
			);
			runOnlyForDeploymentPostprocessing = 0;
		};
/* End PBXFrameworksBuildPhase section */

/* Begin PBXGroup section */
		12C9517A9E72A121B2E3C5B4 /* Configuration */ = {
			isa = PBXGroup;
			children = (
				4171C532FBB2053E055D7336 /* SampleCode.xcconfig */,
			);
			name = Configuration;
			sourceTree = "<group>";
		};
		C400F46428DFDD4800861093 /* Toolbars */ = {
			isa = PBXGroup;
			children = (
				C400F46A28E00BFB00861093 /* MainToolbar */,
				C400F46B28E00C1F00861093 /* FeatureToolbar */,
			);
			path = Toolbars;
			sourceTree = "<group>";
		};
		C400F46528DFDDD800861093 /* Overlays */ = {
			isa = PBXGroup;
			children = (
				C4DFD84728C5665E005B74F0 /* LiveBadge.swift */,
				C4C686222892E33E0038EDE1 /* RecordingTimeView.swift */,
				C4DFD84528C3ED3D005B74F0 /* StatusOverlayView.swift */,
			);
			path = Overlays;
			sourceTree = "<group>";
		};
		C400F46A28E00BFB00861093 /* MainToolbar */ = {
			isa = PBXGroup;
			children = (
				C472D84D285BDFA60082244A /* MainToolbar.swift */,
				C475973028A71BEC00D1D029 /* CaptureButton.swift */,
				C400F45E28DFD8AC00861093 /* ThumbnailButton.swift */,
				C4A349DE28BD4B700056FAAF /* SwitchCameraButton.swift */,
			);
			path = MainToolbar;
			sourceTree = "<group>";
		};
		C400F46B28E00C1F00861093 /* FeatureToolbar */ = {
			isa = PBXGroup;
			children = (
				C4EA0DCA289205C10085A584 /* FeatureToolbar.swift */,
			);
			path = FeatureToolbar;
			sourceTree = "<group>";
		};
		C400F46C28E00C3500861093 /* Controls */ = {
			isa = PBXGroup;
			children = (
				C424961E2889CDC400C05256 /* CaptureModeView.swift */,
			);
			path = Controls;
			sourceTree = "<group>";
		};
		C470F0EF2899E2FB004D4515 /* Model */ = {
			isa = PBXGroup;
			children = (
				C4F82CC9285AE13B005D427A /* Camera.swift */,
				C4DFD84328C3E173005B74F0 /* DataTypes.swift */,
				C442A31028BEAEA70029B42B /* MediaLibrary.swift */,
				C4A73C9D2CC0157600C2FA84 /* Intent */,
				C4A73C9F2CC0748800C2FA84 /* CameraState.swift */,
			);
			path = Model;
			sourceTree = "<group>";
		};
		C472D847285BD4A40082244A /* Views */ = {
			isa = PBXGroup;
			children = (
				C44DC7BD289AC3DD0099BB87 /* PreviewContainer.swift */,
				C4F82CCD285AE233005D427A /* CameraPreview.swift */,
				C4CB95CF2BF06EA6000CF8C7 /* CameraUI.swift */,
				C400F46C28E00C3500861093 /* Controls */,
				C400F46428DFDD4800861093 /* Toolbars */,
				C400F46528DFDDD800861093 /* Overlays */,
			);
			path = Views;
			sourceTree = "<group>";
		};
		C47390512BC3464500EC7B9D /* Capture */ = {
			isa = PBXGroup;
			children = (
				C4E15AB02898660900827683 /* PhotoCapture.swift */,
				C4EA0DBF2891EFC20085A584 /* MovieCapture.swift */,
				C472D845285BBFA60082244A /* DeviceLookup.swift */,
				C48091892BD59D7D00753C4A /* SPCObserver.swift */,
			);
			path = Capture;
			sourceTree = "<group>";
		};
		C4A73C9D2CC0157600C2FA84 /* Intent */ = {
			isa = PBXGroup;
			children = (
				C4C6E2102CA1CF860081A8EA /* AVCamCaptureIntent.swift */,
			);
			path = Intent;
			sourceTree = "<group>";
		};
		C4C6E1FB2CA1CF250081A8EA /* Frameworks */ = {
			isa = PBXGroup;
			children = (
				C4C6E1FC2CA1CF250081A8EA /* WidgetKit.framework */,
				C4C6E1FE2CA1CF250081A8EA /* SwiftUI.framework */,
			);
			name = Frameworks;
			sourceTree = "<group>";
		};
		C4EA0DC12891F2D60085A584 /* Support */ = {
			isa = PBXGroup;
			children = (
				C4EA0DC22891F2F80085A584 /* CaptureExtensions.swift */,
				C400F46228DFDAB700861093 /* FoundationExtensions.swift */,
				C451840F289C5FD700B35C89 /* ViewExtensions.swift */,
			);
			path = Support;
			sourceTree = "<group>";
		};
		C4F82C90285ADDA2005D427A = {
			isa = PBXGroup;
			children = (
				7710E8B4E5AEBAFE7C73EBAA /* README.md */,
				C4F82C9B285ADDA2005D427A /* AVCam */,
				C47C99BB2CA1C6BB00B5338B /* AVCamCaptureExtension */,
				C4C6E2002CA1CF250081A8EA /* AVCamControlCenterExtension */,
				C4C6E1FB2CA1CF250081A8EA /* Frameworks */,
				C4F82C9A285ADDA2005D427A /* Products */,
				12C9517A9E72A121B2E3C5B4 /* Configuration */,
				FCF92A11B01F69F19EA587A6 /* LICENSE */,
			);
			sourceTree = "<group>";
		};
		C4F82C9A285ADDA2005D427A /* Products */ = {
			isa = PBXGroup;
			children = (
				C4F82C99285ADDA2005D427A /* c2pa-cam.app */,
				C47C99BA2CA1C6BB00B5338B /* c2pa-camCaptureExtension.appex */,
				C4C6E1FA2CA1CF250081A8EA /* c2pa-camControlCenterExtension.appex */,
			);
			name = Products;
			sourceTree = "<group>";
		};
		C4F82C9B285ADDA2005D427A /* AVCam */ = {
			isa = PBXGroup;
			children = (
				C4F82C9C285ADDA2005D427A /* AVCamApp.swift */,
				C48091832BD584AD00753C4A /* CameraModel.swift */,
				C4F82CCB285AE206005D427A /* CaptureService.swift */,
				C4E15AAE2898620E00827683 /* CameraView.swift */,
				C47390512BC3464500EC7B9D /* Capture */,
				C470F0EF2899E2FB004D4515 /* Model */,
				C472D847285BD4A40082244A /* Views */,
				C4EA0DC12891F2D60085A584 /* Support */,
				C4F82CA0285ADDA3005D427A /* Assets.xcassets */,
				C4F82CA3285ADDA3005D427A /* Preview Content */,
			);
			path = AVCam;
			sourceTree = "<group>";
		};
		C4F82CA3285ADDA3005D427A /* Preview Content */ = {
			isa = PBXGroup;
			children = (
				C4F82CA4285ADDA3005D427A /* Preview Assets.xcassets */,
				C4DCF51328947AFA00805EE2 /* PreviewCameraModel.swift */,
			);
			path = "Preview Content";
			sourceTree = "<group>";
		};
		FCF92A11B01F69F19EA587A6 /* LICENSE */ = {
			isa = PBXGroup;
			children = (
				B92404E334D9008D3705950F /* LICENSE.txt */,
			);
			name = LICENSE;
			sourceTree = "<group>";
		};
/* End PBXGroup section */

/* Begin PBXNativeTarget section */
		C47C99B92CA1C6BB00B5338B /* c2pa-camCaptureExtension */ = {
			isa = PBXNativeTarget;
			buildConfigurationList = C47C99C82CA1C6BB00B5338B /* Build configuration list for PBXNativeTarget "c2pa-camCaptureExtension" */;
			buildPhases = (
				C47C99B62CA1C6BB00B5338B /* Sources */,
				C47C99B72CA1C6BB00B5338B /* Frameworks */,
				C47C99B82CA1C6BB00B5338B /* Resources */,
			);
			buildRules = (
			);
			dependencies = (
			);
			fileSystemSynchronizedGroups = (
				C47C99BB2CA1C6BB00B5338B /* AVCamCaptureExtension */,
			);
			name = "c2pa-camCaptureExtension";
			productName = AVCamCaptureExtension;
			productReference = C47C99BA2CA1C6BB00B5338B /* c2pa-camCaptureExtension.appex */;
			productType = "com.apple.product-type.extensionkit-extension";
		};
		C4C6E1F92CA1CF250081A8EA /* c2pa-camControlCenterExtension */ = {
			isa = PBXNativeTarget;
			buildConfigurationList = C4C6E20F2CA1CF270081A8EA /* Build configuration list for PBXNativeTarget "c2pa-camControlCenterExtension" */;
			buildPhases = (
				C4C6E1F62CA1CF250081A8EA /* Sources */,
				C4C6E1F72CA1CF250081A8EA /* Frameworks */,
				C4C6E1F82CA1CF250081A8EA /* Resources */,
			);
			buildRules = (
			);
			dependencies = (
			);
			fileSystemSynchronizedGroups = (
				C4C6E2002CA1CF250081A8EA /* AVCamControlCenterExtension */,
			);
			name = "c2pa-camControlCenterExtension";
			productName = AVCamControlCenterExtensionExtension;
			productReference = C4C6E1FA2CA1CF250081A8EA /* c2pa-camControlCenterExtension.appex */;
			productType = "com.apple.product-type.app-extension";
		};
		C4F82C98285ADDA2005D427A /* c2pa-cam */ = {
			isa = PBXNativeTarget;
			buildConfigurationList = C4F82CBE285ADDA4005D427A /* Build configuration list for PBXNativeTarget "c2pa-cam" */;
			buildPhases = (
				C4F82C95285ADDA2005D427A /* Sources */,
				C4F82C96285ADDA2005D427A /* Frameworks */,
				C4F82C97285ADDA2005D427A /* Resources */,
				C47C99C42CA1C6BB00B5338B /* Embed ExtensionKit Extensions */,
				C4C6E20B2CA1CF270081A8EA /* Embed Foundation Extensions */,
			);
			buildRules = (
			);
			dependencies = (
				C47C99C22CA1C6BB00B5338B /* PBXTargetDependency */,
				C4C6E2092CA1CF270081A8EA /* PBXTargetDependency */,
			);
			name = "c2pa-cam";
			productName = AVCam;
			productReference = C4F82C99285ADDA2005D427A /* c2pa-cam.app */;
			productType = "com.apple.product-type.application";
		};
/* End PBXNativeTarget section */

/* Begin PBXProject section */
		C4F82C91285ADDA2005D427A /* Project object */ = {
			isa = PBXProject;
			attributes = {
				BuildIndependentTargetsInParallel = 1;
				DefaultBuildSystemTypeForWorkspace = Latest;
				LastSwiftUpdateCheck = 1600;
				LastUpgradeCheck = 2600;
				ORGANIZATIONNAME = Apple;
				TargetAttributes = {
					C47C99B92CA1C6BB00B5338B = {
						CreatedOnToolsVersion = 16.0;
					};
					C4C6E1F92CA1CF250081A8EA = {
						CreatedOnToolsVersion = 16.0;
					};
					C4F82C98285ADDA2005D427A = {
						CreatedOnToolsVersion = 14.0;
					};
				};
			};
			buildConfigurationList = C4F82C94285ADDA2005D427A /* Build configuration list for PBXProject "c2pa-cam" */;
			compatibilityVersion = "Xcode 14.0";
			developmentRegion = en;
			hasScannedForEncodings = 0;
			knownRegions = (
				en,
				Base,
			);
			mainGroup = C4F82C90285ADDA2005D427A;
			productRefGroup = C4F82C9A285ADDA2005D427A /* Products */;
			projectDirPath = "";
			projectRoot = "";
			targets = (
				C4F82C98285ADDA2005D427A /* c2pa-cam */,
				C47C99B92CA1C6BB00B5338B /* c2pa-camCaptureExtension */,
				C4C6E1F92CA1CF250081A8EA /* c2pa-camControlCenterExtension */,
			);
		};
/* End PBXProject section */

/* Begin PBXResourcesBuildPhase section */
		C47C99B82CA1C6BB00B5338B /* Resources */ = {
			isa = PBXResourcesBuildPhase;
			buildActionMask = 2147483647;
			files = (
			);
			runOnlyForDeploymentPostprocessing = 0;
		};
		C4C6E1F82CA1CF250081A8EA /* Resources */ = {
			isa = PBXResourcesBuildPhase;
			buildActionMask = 2147483647;
			files = (
			);
			runOnlyForDeploymentPostprocessing = 0;
		};
		C4F82C97285ADDA2005D427A /* Resources */ = {
			isa = PBXResourcesBuildPhase;
			buildActionMask = 2147483647;
			files = (
				C4F82CA5285ADDA3005D427A /* Preview Assets.xcassets in Resources */,
				C4F82CA1285ADDA3005D427A /* Assets.xcassets in Resources */,
			);
			runOnlyForDeploymentPostprocessing = 0;
		};
/* End PBXResourcesBuildPhase section */

/* Begin PBXSourcesBuildPhase section */
		C47C99B62CA1C6BB00B5338B /* Sources */ = {
			isa = PBXSourcesBuildPhase;
			buildActionMask = 2147483647;
			files = (
				C4C5531A2CA1D5A3005D940C /* PreviewContainer.swift in Sources */,
				C4C5531B2CA1D5A3005D940C /* CaptureService.swift in Sources */,
				C4C5531C2CA1D5A3005D940C /* RecordingTimeView.swift in Sources */,
				C4C5531D2CA1D5A3005D940C /* LiveBadge.swift in Sources */,
				C4C5531E2CA1D5A3005D940C /* MovieCapture.swift in Sources */,
				C4C5531F2CA1D5A3005D940C /* Camera.swift in Sources */,
				C4C553202CA1D5A3005D940C /* FoundationExtensions.swift in Sources */,
				C4C553212CA1D5A3005D940C /* PhotoCapture.swift in Sources */,
				C4C553222CA1D5A3005D940C /* PreviewCameraModel.swift in Sources */,
				C4C553232CA1D5A3005D940C /* CameraPreview.swift in Sources */,
				C4A73CA02CC0748800C2FA84 /* CameraState.swift in Sources */,
				C4C553242CA1D5A3005D940C /* FeatureToolbar.swift in Sources */,
				C4C553252CA1D5A3005D940C /* DataTypes.swift in Sources */,
				C4C553262CA1D5A3005D940C /* MainToolbar.swift in Sources */,
				C4C553272CA1D5A3005D940C /* CameraView.swift in Sources */,
				C4C553282CA1D5A3005D940C /* CameraUI.swift in Sources */,
				C4C553292CA1D5A3005D940C /* CaptureExtensions.swift in Sources */,
				C4C5532A2CA1D5A3005D940C /* DeviceLookup.swift in Sources */,
				C4C5532B2CA1D5A3005D940C /* CameraModel.swift in Sources */,
				C4C5532C2CA1D5A3005D940C /* ThumbnailButton.swift in Sources */,
				C4C5532D2CA1D5A3005D940C /* SwitchCameraButton.swift in Sources */,
				C4C5532E2CA1D5A3005D940C /* MediaLibrary.swift in Sources */,
				C4C5532F2CA1D5A3005D940C /* ViewExtensions.swift in Sources */,
				C4C553302CA1D5A3005D940C /* CaptureModeView.swift in Sources */,
				C4C553312CA1D5A3005D940C /* SPCObserver.swift in Sources */,
				C4C553322CA1D5A3005D940C /* CaptureButton.swift in Sources */,
				C4C553332CA1D5A3005D940C /* StatusOverlayView.swift in Sources */,
				C4C6E2142CA1D01A0081A8EA /* AVCamCaptureIntent.swift in Sources */,
			);
			runOnlyForDeploymentPostprocessing = 0;
		};
		C4C6E1F62CA1CF250081A8EA /* Sources */ = {
			isa = PBXSourcesBuildPhase;
			buildActionMask = 2147483647;
			files = (
				C40A95B92CC9A91A00A02AF1 /* CameraState.swift in Sources */,
				C4A73C9E2CC015E300C2FA84 /* DataTypes.swift in Sources */,
				C4C6E2152CA1D01A0081A8EA /* AVCamCaptureIntent.swift in Sources */,
			);
			runOnlyForDeploymentPostprocessing = 0;
		};
		C4F82C95285ADDA2005D427A /* Sources */ = {
			isa = PBXSourcesBuildPhase;
			buildActionMask = 2147483647;
			files = (
				C4A349DF28BD4B700056FAAF /* SwitchCameraButton.swift in Sources */,
				C44DC7BE289AC3DD0099BB87 /* PreviewContainer.swift in Sources */,
				C4DCF51428947AFA00805EE2 /* PreviewCameraModel.swift in Sources */,
				C48091852BD584AD00753C4A /* CameraModel.swift in Sources */,
				C4F82CCE285AE233005D427A /* CameraPreview.swift in Sources */,
				C4F82CCA285AE13B005D427A /* Camera.swift in Sources */,
				C4E15AB12898660900827683 /* PhotoCapture.swift in Sources */,
				C480918B2BD59D7D00753C4A /* SPCObserver.swift in Sources */,
				C4F82CCC285AE206005D427A /* CaptureService.swift in Sources */,
				C4F82C9D285ADDA2005D427A /* AVCamApp.swift in Sources */,
				C4EA0DCB289205C10085A584 /* FeatureToolbar.swift in Sources */,
				C472D84F285BDFA60082244A /* MainToolbar.swift in Sources */,
				C4A73CA12CC0748800C2FA84 /* CameraState.swift in Sources */,
				C4C6E2112CA1CF860081A8EA /* AVCamCaptureIntent.swift in Sources */,
				C4DFD84828C5665E005B74F0 /* LiveBadge.swift in Sources */,
				C400F46128DFD8AC00861093 /* ThumbnailButton.swift in Sources */,
				C4E15AAF2898620E00827683 /* CameraView.swift in Sources */,
				C424961F2889CDC400C05256 /* CaptureModeView.swift in Sources */,
				C442A31128BEAEA70029B42B /* MediaLibrary.swift in Sources */,
				C4CB95D02BF06EA6000CF8C7 /* CameraUI.swift in Sources */,
				C4C686232892E33E0038EDE1 /* RecordingTimeView.swift in Sources */,
				C4DFD84428C3E173005B74F0 /* DataTypes.swift in Sources */,
				C4EA0DC02891EFC20085A584 /* MovieCapture.swift in Sources */,
				C4EA0DC32891F2F80085A584 /* CaptureExtensions.swift in Sources */,
				C472D846285BBFA60082244A /* DeviceLookup.swift in Sources */,
				C400F46328DFDAB700861093 /* FoundationExtensions.swift in Sources */,
				C475973128A71BEC00D1D029 /* CaptureButton.swift in Sources */,
				C4518410289C5FD700B35C89 /* ViewExtensions.swift in Sources */,
				C4DFD84628C3ED3D005B74F0 /* StatusOverlayView.swift in Sources */,
			);
			runOnlyForDeploymentPostprocessing = 0;
		};
/* End PBXSourcesBuildPhase section */

/* Begin PBXTargetDependency section */
		C47C99C22CA1C6BB00B5338B /* PBXTargetDependency */ = {
			isa = PBXTargetDependency;
			target = C47C99B92CA1C6BB00B5338B /* c2pa-camCaptureExtension */;
			targetProxy = C47C99C12CA1C6BB00B5338B /* PBXContainerItemProxy */;
		};
		C4C6E2092CA1CF270081A8EA /* PBXTargetDependency */ = {
			isa = PBXTargetDependency;
			target = C4C6E1F92CA1CF250081A8EA /* c2pa-camControlCenterExtension */;
			targetProxy = C4C6E2082CA1CF270081A8EA /* PBXContainerItemProxy */;
		};
/* End PBXTargetDependency section */

/* Begin XCBuildConfiguration section */
		C47C99C52CA1C6BB00B5338B /* Debug */ = {
			isa = XCBuildConfiguration;
			baseConfigurationReference = 4171C532FBB2053E055D7336 /* SampleCode.xcconfig */;
			buildSettings = {
				CLANG_CXX_LANGUAGE_STANDARD = "gnu++20";
				CODE_SIGN_IDENTITY = "Apple Development";
				"CODE_SIGN_IDENTITY[sdk=iphoneos*]" = "iPhone Developer";
				CODE_SIGN_STYLE = Manual;
				CURRENT_PROJECT_VERSION = 1;
				DEVELOPMENT_TEAM = "";
				"DEVELOPMENT_TEAM[sdk=iphoneos*]" = W36S8KLY7S;
				ENABLE_USER_SCRIPT_SANDBOXING = YES;
				GCC_C_LANGUAGE_STANDARD = gnu17;
				GENERATE_INFOPLIST_FILE = YES;
				INFOPLIST_FILE = AVCamCaptureExtension/Info.plist;
				INFOPLIST_KEY_CFBundleDisplayName = AVCamCaptureExtension;
				INFOPLIST_KEY_NSCameraUsageDescription = "To capture photos and videos.";
				INFOPLIST_KEY_NSHumanReadableCopyright = "";
				INFOPLIST_KEY_NSLocationWhenInUseUsageDescription = "AVCam uses your location to tag where photos and videos are taken.";
				INFOPLIST_KEY_NSMicrophoneUsageDescription = "To record audio for Live Photos and videos.";
				IPHONEOS_DEPLOYMENT_TARGET = 18.0;
				LD_RUNPATH_SEARCH_PATHS = (
					"$(inherited)",
					"@executable_path/Frameworks",
					"@executable_path/../../Frameworks",
				);
				LOCALIZATION_PREFERS_STRING_CATALOGS = YES;
				MARKETING_VERSION = 0.1.0;
				PRODUCT_BUNDLE_IDENTIFIER = "com.netzarchitekten.c2pa-cam.CaptureExt";
				PRODUCT_NAME = "$(TARGET_NAME)";
				PROVISIONING_PROFILE_SPECIFIER = "";
				"PROVISIONING_PROFILE_SPECIFIER[sdk=iphoneos*]" = "c2pa-cam CaptureExt dev";
				SDKROOT = iphoneos;
				SKIP_INSTALL = YES;
				SUPPORTED_PLATFORMS = "iphoneos iphonesimulator";
				SUPPORTS_MACCATALYST = NO;
				SUPPORTS_MAC_DESIGNED_FOR_IPHONE_IPAD = NO;
				SUPPORTS_XR_DESIGNED_FOR_IPHONE_IPAD = NO;
				SWIFT_ACTIVE_COMPILATION_CONDITIONS = "DEBUG $(inherited)";
				SWIFT_EMIT_LOC_STRINGS = YES;
				SWIFT_VERSION = 5.0;
				TARGETED_DEVICE_FAMILY = "1,2";
			};
			name = Debug;
		};
		C47C99C62CA1C6BB00B5338B /* Release */ = {
			isa = XCBuildConfiguration;
			baseConfigurationReference = 4171C532FBB2053E055D7336 /* SampleCode.xcconfig */;
			buildSettings = {
				CLANG_CXX_LANGUAGE_STANDARD = "gnu++20";
				CODE_SIGN_IDENTITY = "Apple Development";
				"CODE_SIGN_IDENTITY[sdk=iphoneos*]" = "iPhone Developer";
				CODE_SIGN_STYLE = Manual;
				CURRENT_PROJECT_VERSION = 1;
				DEVELOPMENT_TEAM = "";
				"DEVELOPMENT_TEAM[sdk=iphoneos*]" = W36S8KLY7S;
				ENABLE_USER_SCRIPT_SANDBOXING = YES;
				GCC_C_LANGUAGE_STANDARD = gnu17;
				GENERATE_INFOPLIST_FILE = YES;
				INFOPLIST_FILE = AVCamCaptureExtension/Info.plist;
				INFOPLIST_KEY_CFBundleDisplayName = AVCamCaptureExtension;
				INFOPLIST_KEY_NSCameraUsageDescription = "To capture photos and videos.";
				INFOPLIST_KEY_NSHumanReadableCopyright = "";
				INFOPLIST_KEY_NSLocationWhenInUseUsageDescription = "AVCam uses your location to tag where photos and videos are taken.";
				INFOPLIST_KEY_NSMicrophoneUsageDescription = "To record audio for Live Photos and videos.";
				IPHONEOS_DEPLOYMENT_TARGET = 18.0;
				LD_RUNPATH_SEARCH_PATHS = (
					"$(inherited)",
					"@executable_path/Frameworks",
					"@executable_path/../../Frameworks",
				);
				LOCALIZATION_PREFERS_STRING_CATALOGS = YES;
				MARKETING_VERSION = 0.1.0;
				PRODUCT_BUNDLE_IDENTIFIER = "com.netzarchitekten.c2pa-cam.CaptureExt";
				PRODUCT_NAME = "$(TARGET_NAME)";
				PROVISIONING_PROFILE_SPECIFIER = "";
				"PROVISIONING_PROFILE_SPECIFIER[sdk=iphoneos*]" = "c2pa-cam CaptureExt dev";
				SDKROOT = iphoneos;
				SKIP_INSTALL = YES;
				SUPPORTED_PLATFORMS = "iphoneos iphonesimulator";
				SUPPORTS_MACCATALYST = NO;
				SUPPORTS_MAC_DESIGNED_FOR_IPHONE_IPAD = NO;
				SUPPORTS_XR_DESIGNED_FOR_IPHONE_IPAD = NO;
				SWIFT_EMIT_LOC_STRINGS = YES;
				SWIFT_VERSION = 5.0;
				TARGETED_DEVICE_FAMILY = "1,2";
				VALIDATE_PRODUCT = YES;
			};
			name = Release;
		};
		C4C6E20C2CA1CF270081A8EA /* Debug */ = {
			isa = XCBuildConfiguration;
			baseConfigurationReference = 4171C532FBB2053E055D7336 /* SampleCode.xcconfig */;
			buildSettings = {
				ASSETCATALOG_COMPILER_GLOBAL_ACCENT_COLOR_NAME = AccentColor;
				ASSETCATALOG_COMPILER_WIDGET_BACKGROUND_COLOR_NAME = WidgetBackground;
				CLANG_CXX_LANGUAGE_STANDARD = "gnu++20";
				CODE_SIGN_IDENTITY = "Apple Development";
				"CODE_SIGN_IDENTITY[sdk=iphoneos*]" = "iPhone Developer";
				CODE_SIGN_STYLE = Manual;
				CURRENT_PROJECT_VERSION = 1;
				DEVELOPMENT_TEAM = "";
				"DEVELOPMENT_TEAM[sdk=iphoneos*]" = W36S8KLY7S;
				ENABLE_USER_SCRIPT_SANDBOXING = YES;
				GCC_C_LANGUAGE_STANDARD = gnu17;
				GENERATE_INFOPLIST_FILE = YES;
				INFOPLIST_FILE = AVCamControlCenterExtension/Info.plist;
				INFOPLIST_KEY_CFBundleDisplayName = AVCamControlCenterExtension;
				INFOPLIST_KEY_NSHumanReadableCopyright = "";
				IPHONEOS_DEPLOYMENT_TARGET = 18.0;
				LD_RUNPATH_SEARCH_PATHS = (
					"$(inherited)",
					"@executable_path/Frameworks",
					"@executable_path/../../Frameworks",
				);
				LOCALIZATION_PREFERS_STRING_CATALOGS = YES;
				MARKETING_VERSION = 0.1.0;
				PRODUCT_BUNDLE_IDENTIFIER = "com.netzarchitekten.c2pa-cam.ControlCenterExt";
				PRODUCT_NAME = "$(TARGET_NAME)";
				PROVISIONING_PROFILE_SPECIFIER = "";
				"PROVISIONING_PROFILE_SPECIFIER[sdk=iphoneos*]" = "c2pa-cam ControlCenterExt dev";
				SDKROOT = iphoneos;
				SKIP_INSTALL = YES;
				SUPPORTED_PLATFORMS = "iphoneos iphonesimulator";
				SUPPORTS_MACCATALYST = NO;
				SUPPORTS_MAC_DESIGNED_FOR_IPHONE_IPAD = NO;
				SUPPORTS_XR_DESIGNED_FOR_IPHONE_IPAD = NO;
				SWIFT_ACTIVE_COMPILATION_CONDITIONS = "DEBUG $(inherited)";
				SWIFT_EMIT_LOC_STRINGS = YES;
				SWIFT_VERSION = 5.0;
				TARGETED_DEVICE_FAMILY = "1,2";
			};
			name = Debug;
		};
		C4C6E20D2CA1CF270081A8EA /* Release */ = {
			isa = XCBuildConfiguration;
			baseConfigurationReference = 4171C532FBB2053E055D7336 /* SampleCode.xcconfig */;
			buildSettings = {
				ASSETCATALOG_COMPILER_GLOBAL_ACCENT_COLOR_NAME = AccentColor;
				ASSETCATALOG_COMPILER_WIDGET_BACKGROUND_COLOR_NAME = WidgetBackground;
				CLANG_CXX_LANGUAGE_STANDARD = "gnu++20";
				CODE_SIGN_IDENTITY = "Apple Development";
				"CODE_SIGN_IDENTITY[sdk=iphoneos*]" = "iPhone Developer";
				CODE_SIGN_STYLE = Manual;
				CURRENT_PROJECT_VERSION = 1;
				DEVELOPMENT_TEAM = "";
				"DEVELOPMENT_TEAM[sdk=iphoneos*]" = W36S8KLY7S;
				ENABLE_USER_SCRIPT_SANDBOXING = YES;
				GCC_C_LANGUAGE_STANDARD = gnu17;
				GENERATE_INFOPLIST_FILE = YES;
				INFOPLIST_FILE = AVCamControlCenterExtension/Info.plist;
				INFOPLIST_KEY_CFBundleDisplayName = AVCamControlCenterExtension;
				INFOPLIST_KEY_NSHumanReadableCopyright = "";
				IPHONEOS_DEPLOYMENT_TARGET = 18.0;
				LD_RUNPATH_SEARCH_PATHS = (
					"$(inherited)",
					"@executable_path/Frameworks",
					"@executable_path/../../Frameworks",
				);
				LOCALIZATION_PREFERS_STRING_CATALOGS = YES;
				MARKETING_VERSION = 0.1.0;
				PRODUCT_BUNDLE_IDENTIFIER = "com.netzarchitekten.c2pa-cam.ControlCenterExt";
				PRODUCT_NAME = "$(TARGET_NAME)";
				PROVISIONING_PROFILE_SPECIFIER = "";
				"PROVISIONING_PROFILE_SPECIFIER[sdk=iphoneos*]" = "c2pa-cam ControlCenterExt dev";
				SDKROOT = iphoneos;
				SKIP_INSTALL = YES;
				SUPPORTED_PLATFORMS = "iphoneos iphonesimulator";
				SUPPORTS_MACCATALYST = NO;
				SUPPORTS_MAC_DESIGNED_FOR_IPHONE_IPAD = NO;
				SUPPORTS_XR_DESIGNED_FOR_IPHONE_IPAD = NO;
				SWIFT_EMIT_LOC_STRINGS = YES;
				SWIFT_VERSION = 5.0;
				TARGETED_DEVICE_FAMILY = "1,2";
				VALIDATE_PRODUCT = YES;
			};
			name = Release;
		};
		C4F82CBC285ADDA4005D427A /* Debug */ = {
			isa = XCBuildConfiguration;
			baseConfigurationReference = 4171C532FBB2053E055D7336 /* SampleCode.xcconfig */;
			buildSettings = {
				ALWAYS_SEARCH_USER_PATHS = NO;
				ASSETCATALOG_COMPILER_GENERATE_SWIFT_ASSET_SYMBOL_EXTENSIONS = YES;
				CLANG_ANALYZER_NONNULL = YES;
				CLANG_ANALYZER_NUMBER_OBJECT_CONVERSION = YES_AGGRESSIVE;
				CLANG_CXX_LANGUAGE_STANDARD = "gnu++17";
				CLANG_ENABLE_MODULES = YES;
				CLANG_ENABLE_OBJC_ARC = YES;
				CLANG_ENABLE_OBJC_WEAK = YES;
				CLANG_WARN_BLOCK_CAPTURE_AUTORELEASING = YES;
				CLANG_WARN_BOOL_CONVERSION = YES;
				CLANG_WARN_COMMA = YES;
				CLANG_WARN_CONSTANT_CONVERSION = YES;
				CLANG_WARN_DEPRECATED_OBJC_IMPLEMENTATIONS = YES;
				CLANG_WARN_DIRECT_OBJC_ISA_USAGE = YES_ERROR;
				CLANG_WARN_DOCUMENTATION_COMMENTS = YES;
				CLANG_WARN_EMPTY_BODY = YES;
				CLANG_WARN_ENUM_CONVERSION = YES;
				CLANG_WARN_INFINITE_RECURSION = YES;
				CLANG_WARN_INT_CONVERSION = YES;
				CLANG_WARN_NON_LITERAL_NULL_CONVERSION = YES;
				CLANG_WARN_OBJC_IMPLICIT_RETAIN_SELF = YES;
				CLANG_WARN_OBJC_LITERAL_CONVERSION = YES;
				CLANG_WARN_OBJC_ROOT_CLASS = YES_ERROR;
				CLANG_WARN_QUOTED_INCLUDE_IN_FRAMEWORK_HEADER = YES;
				CLANG_WARN_RANGE_LOOP_ANALYSIS = YES;
				CLANG_WARN_STRICT_PROTOTYPES = YES;
				CLANG_WARN_SUSPICIOUS_MOVE = YES;
				CLANG_WARN_UNGUARDED_AVAILABILITY = YES_AGGRESSIVE;
				CLANG_WARN_UNREACHABLE_CODE = YES;
				CLANG_WARN__DUPLICATE_METHOD_MATCH = YES;
				COPY_PHASE_STRIP = NO;
				DEAD_CODE_STRIPPING = YES;
				DEBUG_INFORMATION_FORMAT = dwarf;
				ENABLE_STRICT_OBJC_MSGSEND = YES;
				ENABLE_TESTABILITY = YES;
				ENABLE_USER_SCRIPT_SANDBOXING = YES;
				GCC_C_LANGUAGE_STANDARD = gnu11;
				GCC_DYNAMIC_NO_PIC = NO;
				GCC_NO_COMMON_BLOCKS = YES;
				GCC_OPTIMIZATION_LEVEL = 0;
				GCC_PREPROCESSOR_DEFINITIONS = (
					"DEBUG=1",
					"$(inherited)",
				);
				GCC_WARN_64_TO_32_BIT_CONVERSION = YES;
				GCC_WARN_ABOUT_RETURN_TYPE = YES_ERROR;
				GCC_WARN_UNDECLARED_SELECTOR = YES;
				GCC_WARN_UNINITIALIZED_AUTOS = YES_AGGRESSIVE;
				GCC_WARN_UNUSED_FUNCTION = YES;
				GCC_WARN_UNUSED_VARIABLE = YES;
				IPHONEOS_DEPLOYMENT_TARGET = 26.0;
				MACOSX_DEPLOYMENT_TARGET = "";
				MTL_ENABLE_DEBUG_INFO = INCLUDE_SOURCE;
				MTL_FAST_MATH = YES;
				ONLY_ACTIVE_ARCH = YES;
				SDKROOT = iphoneos;
				STRING_CATALOG_GENERATE_SYMBOLS = YES;
				SWIFT_ACTIVE_COMPILATION_CONDITIONS = DEBUG;
				SWIFT_OPTIMIZATION_LEVEL = "-Onone";
			};
			name = Debug;
		};
		C4F82CBD285ADDA4005D427A /* Release */ = {
			isa = XCBuildConfiguration;
			baseConfigurationReference = 4171C532FBB2053E055D7336 /* SampleCode.xcconfig */;
			buildSettings = {
				ALWAYS_SEARCH_USER_PATHS = NO;
				ASSETCATALOG_COMPILER_GENERATE_SWIFT_ASSET_SYMBOL_EXTENSIONS = YES;
				CLANG_ANALYZER_NONNULL = YES;
				CLANG_ANALYZER_NUMBER_OBJECT_CONVERSION = YES_AGGRESSIVE;
				CLANG_CXX_LANGUAGE_STANDARD = "gnu++17";
				CLANG_ENABLE_MODULES = YES;
				CLANG_ENABLE_OBJC_ARC = YES;
				CLANG_ENABLE_OBJC_WEAK = YES;
				CLANG_WARN_BLOCK_CAPTURE_AUTORELEASING = YES;
				CLANG_WARN_BOOL_CONVERSION = YES;
				CLANG_WARN_COMMA = YES;
				CLANG_WARN_CONSTANT_CONVERSION = YES;
				CLANG_WARN_DEPRECATED_OBJC_IMPLEMENTATIONS = YES;
				CLANG_WARN_DIRECT_OBJC_ISA_USAGE = YES_ERROR;
				CLANG_WARN_DOCUMENTATION_COMMENTS = YES;
				CLANG_WARN_EMPTY_BODY = YES;
				CLANG_WARN_ENUM_CONVERSION = YES;
				CLANG_WARN_INFINITE_RECURSION = YES;
				CLANG_WARN_INT_CONVERSION = YES;
				CLANG_WARN_NON_LITERAL_NULL_CONVERSION = YES;
				CLANG_WARN_OBJC_IMPLICIT_RETAIN_SELF = YES;
				CLANG_WARN_OBJC_LITERAL_CONVERSION = YES;
				CLANG_WARN_OBJC_ROOT_CLASS = YES_ERROR;
				CLANG_WARN_QUOTED_INCLUDE_IN_FRAMEWORK_HEADER = YES;
				CLANG_WARN_RANGE_LOOP_ANALYSIS = YES;
				CLANG_WARN_STRICT_PROTOTYPES = YES;
				CLANG_WARN_SUSPICIOUS_MOVE = YES;
				CLANG_WARN_UNGUARDED_AVAILABILITY = YES_AGGRESSIVE;
				CLANG_WARN_UNREACHABLE_CODE = YES;
				CLANG_WARN__DUPLICATE_METHOD_MATCH = YES;
				COPY_PHASE_STRIP = NO;
				DEAD_CODE_STRIPPING = YES;
				DEBUG_INFORMATION_FORMAT = "dwarf-with-dsym";
				ENABLE_NS_ASSERTIONS = NO;
				ENABLE_STRICT_OBJC_MSGSEND = YES;
				ENABLE_USER_SCRIPT_SANDBOXING = YES;
				GCC_C_LANGUAGE_STANDARD = gnu11;
				GCC_NO_COMMON_BLOCKS = YES;
				GCC_WARN_64_TO_32_BIT_CONVERSION = YES;
				GCC_WARN_ABOUT_RETURN_TYPE = YES_ERROR;
				GCC_WARN_UNDECLARED_SELECTOR = YES;
				GCC_WARN_UNINITIALIZED_AUTOS = YES_AGGRESSIVE;
				GCC_WARN_UNUSED_FUNCTION = YES;
				GCC_WARN_UNUSED_VARIABLE = YES;
				IPHONEOS_DEPLOYMENT_TARGET = 26.0;
				MACOSX_DEPLOYMENT_TARGET = "";
				MTL_ENABLE_DEBUG_INFO = NO;
				MTL_FAST_MATH = YES;
				SDKROOT = iphoneos;
				STRING_CATALOG_GENERATE_SYMBOLS = YES;
				SWIFT_COMPILATION_MODE = wholemodule;
				SWIFT_OPTIMIZATION_LEVEL = "-O";
			};
			name = Release;
		};
		C4F82CBF285ADDA4005D427A /* Debug */ = {
			isa = XCBuildConfiguration;
			baseConfigurationReference = 4171C532FBB2053E055D7336 /* SampleCode.xcconfig */;
			buildSettings = {
				ASSETCATALOG_COMPILER_APPICON_NAME = AppIcon;
				ASSETCATALOG_COMPILER_GLOBAL_ACCENT_COLOR_NAME = AccentColor;
				CODE_SIGN_IDENTITY = "Apple Development";
				"CODE_SIGN_IDENTITY[sdk=iphoneos*]" = "iPhone Developer";
				CODE_SIGN_STYLE = Manual;
				CURRENT_PROJECT_VERSION = 1;
				DEAD_CODE_STRIPPING = YES;
				DEVELOPMENT_ASSET_PATHS = "\"AVCam/Preview Content\"";
				DEVELOPMENT_TEAM = "";
				"DEVELOPMENT_TEAM[sdk=iphoneos*]" = W36S8KLY7S;
				ENABLE_HARDENED_RUNTIME = YES;
				"ENABLE_HARDENED_RUNTIME[sdk=macosx*]" = YES;
				ENABLE_PREVIEWS = YES;
				ENABLE_USER_SCRIPT_SANDBOXING = YES;
				GENERATE_INFOPLIST_FILE = YES;
				INFOPLIST_KEY_LSApplicationCategoryType = "public.app-category.photography";
				INFOPLIST_KEY_NSCameraUsageDescription = "To capture photos and videos.";
				INFOPLIST_KEY_NSLocationWhenInUseUsageDescription = "AVCam uses your location to tag where photos and videos are taken.";
				INFOPLIST_KEY_NSMicrophoneUsageDescription = "To record audio for Live Photos and videos.";
				INFOPLIST_KEY_NSPhotoLibraryUsageDescription = "To save captured photos and videos.";
				INFOPLIST_KEY_UILaunchScreen_Generation = YES;
				"INFOPLIST_KEY_UILaunchScreen_Generation[sdk=iphoneos*]" = YES;
				"INFOPLIST_KEY_UILaunchScreen_Generation[sdk=iphonesimulator*]" = YES;
				INFOPLIST_KEY_UISupportedInterfaceOrientations = UIInterfaceOrientationPortrait;
				INFOPLIST_KEY_UISupportedInterfaceOrientations_iPad = "UIInterfaceOrientationLandscapeLeft UIInterfaceOrientationLandscapeRight UIInterfaceOrientationPortrait UIInterfaceOrientationPortraitUpsideDown";
				INFOPLIST_KEY_UIUserInterfaceStyle = Dark;
				IPHONEOS_DEPLOYMENT_TARGET = 18.0;
				LD_RUNPATH_SEARCH_PATHS = "@executable_path/Frameworks";
				"LD_RUNPATH_SEARCH_PATHS[sdk=macosx*]" = "@executable_path/../Frameworks";
				MARKETING_VERSION = 0.1.0;
				PRODUCT_BUNDLE_IDENTIFIER = "com.netzarchitekten.c2pa-cam";
				PRODUCT_NAME = "$(TARGET_NAME)";
				PROVISIONING_PROFILE_SPECIFIER = "";
				"PROVISIONING_PROFILE_SPECIFIER[sdk=iphoneos*]" = "c2pa-cam dev";
				SDKROOT = iphoneos;
				SUPPORTED_PLATFORMS = "iphoneos iphonesimulator";
				SUPPORTS_MACCATALYST = NO;
				SUPPORTS_MAC_DESIGNED_FOR_IPHONE_IPAD = NO;
				SUPPORTS_XR_DESIGNED_FOR_IPHONE_IPAD = NO;
				SWIFT_EMIT_LOC_STRINGS = YES;
				SWIFT_STRICT_CONCURRENCY = minimal;
				SWIFT_VERSION = 5.0;
				TARGETED_DEVICE_FAMILY = "1,2";
			};
			name = Debug;
		};
		C4F82CC0285ADDA4005D427A /* Release */ = {
			isa = XCBuildConfiguration;
			baseConfigurationReference = 4171C532FBB2053E055D7336 /* SampleCode.xcconfig */;
			buildSettings = {
				ASSETCATALOG_COMPILER_APPICON_NAME = AppIcon;
				ASSETCATALOG_COMPILER_GLOBAL_ACCENT_COLOR_NAME = AccentColor;
				CODE_SIGN_IDENTITY = "Apple Development";
				"CODE_SIGN_IDENTITY[sdk=iphoneos*]" = "iPhone Developer";
				CODE_SIGN_STYLE = Manual;
				CURRENT_PROJECT_VERSION = 1;
				DEAD_CODE_STRIPPING = YES;
				DEVELOPMENT_ASSET_PATHS = "\"AVCam/Preview Content\"";
				DEVELOPMENT_TEAM = "";
				"DEVELOPMENT_TEAM[sdk=iphoneos*]" = W36S8KLY7S;
				ENABLE_HARDENED_RUNTIME = YES;
				"ENABLE_HARDENED_RUNTIME[sdk=macosx*]" = YES;
				ENABLE_PREVIEWS = YES;
				ENABLE_USER_SCRIPT_SANDBOXING = YES;
				GENERATE_INFOPLIST_FILE = YES;
				INFOPLIST_KEY_LSApplicationCategoryType = "public.app-category.photography";
				INFOPLIST_KEY_NSCameraUsageDescription = "To capture photos and videos.";
				INFOPLIST_KEY_NSLocationWhenInUseUsageDescription = "AVCam uses your location to tag where photos and videos are taken.";
				INFOPLIST_KEY_NSMicrophoneUsageDescription = "To record audio for Live Photos and videos.";
				INFOPLIST_KEY_NSPhotoLibraryUsageDescription = "To save captured photos and videos.";
				INFOPLIST_KEY_UILaunchScreen_Generation = YES;
				"INFOPLIST_KEY_UILaunchScreen_Generation[sdk=iphoneos*]" = YES;
				"INFOPLIST_KEY_UILaunchScreen_Generation[sdk=iphonesimulator*]" = YES;
				INFOPLIST_KEY_UISupportedInterfaceOrientations = UIInterfaceOrientationPortrait;
				INFOPLIST_KEY_UISupportedInterfaceOrientations_iPad = "UIInterfaceOrientationLandscapeLeft UIInterfaceOrientationLandscapeRight UIInterfaceOrientationPortrait UIInterfaceOrientationPortraitUpsideDown";
				INFOPLIST_KEY_UIUserInterfaceStyle = Dark;
				IPHONEOS_DEPLOYMENT_TARGET = 18.0;
				LD_RUNPATH_SEARCH_PATHS = "@executable_path/Frameworks";
				"LD_RUNPATH_SEARCH_PATHS[sdk=macosx*]" = "@executable_path/../Frameworks";
				MARKETING_VERSION = 0.1.0;
				PRODUCT_BUNDLE_IDENTIFIER = "com.netzarchitekten.c2pa-cam";
				PRODUCT_NAME = "$(TARGET_NAME)";
				PROVISIONING_PROFILE_SPECIFIER = "";
				"PROVISIONING_PROFILE_SPECIFIER[sdk=iphoneos*]" = "c2pa-cam dev";
				SDKROOT = iphoneos;
				SUPPORTED_PLATFORMS = "iphoneos iphonesimulator";
				SUPPORTS_MACCATALYST = NO;
				SUPPORTS_MAC_DESIGNED_FOR_IPHONE_IPAD = NO;
				SUPPORTS_XR_DESIGNED_FOR_IPHONE_IPAD = NO;
				SWIFT_EMIT_LOC_STRINGS = YES;
				SWIFT_STRICT_CONCURRENCY = minimal;
				SWIFT_VERSION = 5.0;
				TARGETED_DEVICE_FAMILY = "1,2";
			};
			name = Release;
		};
/* End XCBuildConfiguration section */

/* Begin XCConfigurationList section */
		C47C99C82CA1C6BB00B5338B /* Build configuration list for PBXNativeTarget "c2pa-camCaptureExtension" */ = {
			isa = XCConfigurationList;
			buildConfigurations = (
				C47C99C52CA1C6BB00B5338B /* Debug */,
				C47C99C62CA1C6BB00B5338B /* Release */,
			);
			defaultConfigurationIsVisible = 0;
			defaultConfigurationName = Release;
		};
		C4C6E20F2CA1CF270081A8EA /* Build configuration list for PBXNativeTarget "c2pa-camControlCenterExtension" */ = {
			isa = XCConfigurationList;
			buildConfigurations = (
				C4C6E20C2CA1CF270081A8EA /* Debug */,
				C4C6E20D2CA1CF270081A8EA /* Release */,
			);
			defaultConfigurationIsVisible = 0;
			defaultConfigurationName = Release;
		};
		C4F82C94285ADDA2005D427A /* Build configuration list for PBXProject "c2pa-cam" */ = {
			isa = XCConfigurationList;
			buildConfigurations = (
				C4F82CBC285ADDA4005D427A /* Debug */,
				C4F82CBD285ADDA4005D427A /* Release */,
			);
			defaultConfigurationIsVisible = 0;
			defaultConfigurationName = Release;
		};
		C4F82CBE285ADDA4005D427A /* Build configuration list for PBXNativeTarget "c2pa-cam" */ = {
			isa = XCConfigurationList;
			buildConfigurations = (
				C4F82CBF285ADDA4005D427A /* Debug */,
				C4F82CC0285ADDA4005D427A /* Release */,
			);
			defaultConfigurationIsVisible = 0;
			defaultConfigurationName = Release;
		};
/* End XCConfigurationList section */
	};
	rootObject = C4F82C91285ADDA2005D427A /* Project object */;
}
